
Microsoft Visual Studio Solution File, Format Version 12.00
# Visual Studio Version 17
VisualStudioVersion = 17.1.32210.238
MinimumVisualStudioVersion = 10.0.40219.1
Project("{9A19103F-16F7-4668-BE54-9A1E7A4F7556}") = "Store", "Store\Store.csproj", "{CBD735E3-D068-4ACA-B7AD-3FB45834793F}"
EndProject
Global
	GlobalSection(SolutionConfigurationPlatforms) = preSolution
		Debug|Any CPU = Debug|Any CPU
		Release|Any CPU = Release|Any CPU
	EndGlobalSection
	GlobalSection(ProjectConfigurationPlatforms) = postSolution
		{CBD735E3-D068-4ACA-B7AD-3FB45834793F}.Debug|Any CPU.ActiveCfg = Debug|Any CPU
		{CBD735E3-D068-4ACA-B7AD-3FB45834793F}.Debug|Any CPU.Build.0 = Debug|Any CPU
		{CBD735E3-D068-4ACA-B7AD-3FB45834793F}.Release|Any CPU.ActiveCfg = Release|Any CPU
		{CBD735E3-D068-4ACA-B7AD-3FB45834793F}.Release|Any CPU.Build.0 = Release|Any CPU
	EndGlobalSection
	GlobalSection(SolutionProperties) = preSolution
		HideSolutionNode = FALSE
	EndGlobalSection
	GlobalSection(ExtensibilityGlobals) = postSolution
		SolutionGuid = {6F3E70A7-5585-4641-8E93-20E7B0E625BE}
	EndGlobalSection
EndGlobal
